<?xml version="1.0" encoding="UTF-8" standalone="yes" ?>
<CodeBlocks_project_file>
	<FileVersion major="1" minor="6" />
	<Project>
		<Option title="MathPlugin" />
		<Option pch_mode="2" />
		<Option compiler="gcc" />
		<Build>
			<Target title="Debug Win32">
				<Option output="..\..\..\..\MathPlugin" prefix_auto="1" extension_auto="1" />
				<Option object_output="Debug Win32" />
				<Option type="3" />
				<Option compiler="gcc" />
				<Option createDefFile="1" />
				<Option createStaticLib="1" />
				<Compiler>
					<Add option="-DWIN32" />
					<Add option="-D_DEBUG" />
					<Add option="-D_WINDOWS" />
					<Add option="-D_USRDLL" />
					<Add option="-DMathPlugin_EXPORTS" />
					<Add option="-W" />
					<Add option="-g" />
					<Add option="-O0" />
				</Compiler>
				<Linker>
					<Add option="-s" />
					<Add option="MathPlugin.def" />
				</Linker>
			</Target>
			<Target title="Release Win32">
				<Option output="MathPlugin" prefix_auto="1" extension_auto="1" />
				<Option object_output="Release Win32" />
				<Option type="3" />
				<Option compiler="gcc" />
				<Option createDefFile="1" />
				<Option createStaticLib="1" />
				<Compiler>
					<Add option="-O2" />
					<Add option="-W" />
					<Add option="-DWIN32" />
					<Add option="-DNDEBUG" />
					<Add option="-D_WINDOWS" />
					<Add option="-D_USRDLL" />
					<Add option="-DMathPlugin_EXPORTS" />
					<Add directory="..\..\..\sampgdk" />
					<Add directory="..\..\..\..\zeex" />
					<Add directory="..\..\include" />
					<Add directory="..\..\src" />
				</Compiler>
				<Linker>
					<Add option="-s" />
					<Add option="MathPlugin.def" />
				</Linker>
			</Target>
		</Build>
		<Compiler>
			<Add directory="..\..\..\..\zeex" />
			<Add directory="..\..\..\sampgdk" />
		</Compiler>
		<Unit filename="..\..\SDK\amx\amx.h" />
		<Unit filename="..\..\SDK\amx\getch.c">
			<Option compilerVar="CC" />
		</Unit>
		<Unit filename="..\..\SDK\amx\getch.h" />
		<Unit filename="..\..\SDK\amx\sclinux.h" />
		<Unit filename="..\..\SDK\amxplugin.cpp" />
		<Unit filename="..\..\SDK\plugin.h" />
		<Unit filename="..\..\SDK\plugincommon.h" />
		<Unit filename="MathPlugin.cpp" />
		<Unit filename="MathPlugin.def" />
		<Unit filename="MathPlugin.h" />
		<Unit filename="..\..\src\game\fakeamx.cpp" />
		<Unit filename="..\..\src\game\fakeamx.h" />
		<Unit filename="..\..\src\game\objects.cpp" />
		<Unit filename="..\..\src\game\players.cpp" />
		<Unit filename="..\..\src\game\samp.cpp" />
		<Unit filename="..\..\src\game\vehicles.cpp" />
		<Unit filename="..\..\src\logprintf.cpp" />
		<Unit filename="..\..\src\wrapper\callbacks.cpp" />
		<Unit filename="..\..\src\wrapper\eventhandler.cpp" />
		<Unit filename="..\..\src\wrapper\jump.cpp" />
		<Unit filename="..\..\src\wrapper\jump.h" />
		<Unit filename="..\..\src\wrapper\wrapper.cpp" />
		<Extensions>
			<code_completion />
			<debugger />
		</Extensions>
	</Project>
</CodeBlocks_project_file>
