<?xml version="1.0" encoding="UTF-8" standalone="yes" ?>
<CodeBlocks_project_file>
	<FileVersion major="1" minor="6" />
	<Project>
		<Option title="MathPlugin" />
		<Option pch_mode="2" />
		<Option compiler="gcc" />
		<Build>
			<Target title="Debug Win32">
				<Option output="MathPlugin" prefix_auto="1" extension_auto="1" />
				<Option object_output="Debug Win32" />
				<Option type="3" />
				<Option compiler="gcc" />
				<Option createDefFile="1" />
				<Option createStaticLib="1" />
				<Compiler>
					<Add option="-DWIN32" />
					<Add option="-D_DEBUG" />
					<Add option="-D_WINDOWS" />
					<Add option="-D_USRDLL" />
					<Add option="-DMathPlugin_EXPORTS" />
					<Add option="-W" />
					<Add option="-g" />
					<Add option="-O0" />
				</Compiler>
				<Linker>
					<Add option="-s" />
					<Add option="MathPlugin.def" />
				</Linker>
			</Target>
			<Target title="Release Win32">
				<Option output="MathPlugin" prefix_auto="1" extension_auto="1" />
				<Option object_output="Release Win32" />
				<Option type="3" />
				<Option compiler="gcc" />
				<Option createDefFile="1" />
				<Option createStaticLib="1" />
				<Compiler>
					<Add option="-DWIN32" />
					<Add option="-DNDEBUG" />
					<Add option="-D_WINDOWS" />
					<Add option="-D_USRDLL" />
					<Add option="-DMathPlugin_EXPORTS" />
					<Add option="-W" />
					<Add option="-O2" />
				</Compiler>
				<Linker>
					<Add option="-s" />
					<Add option="MathPlugin.def" />
				</Linker>
			</Target>
		</Build>
		<Unit filename="..\..\..\..\SDK\plugincommon.h" />
		<Unit filename="MathPlugin.cpp" />
		<Unit filename="MathPlugin.def" />
		<Unit filename="MathPlugin.h" />
		<Unit filename="core.cpp" />
		<Unit filename="core.h" />
		<Unit filename="samp\callbacks.cpp" />
		<Unit filename="samp\callbacks.h" />
		<Unit filename="samp\eventhandler.cpp" />
		<Unit filename="samp\eventhandler.h" />
		<Unit filename="samp\fakeamx.cpp" />
		<Unit filename="samp\fakeamx.h" />
		<Unit filename="samp\jump.cpp" />
		<Unit filename="samp\jump.h" />
		<Unit filename="samp\logprintf.cpp" />
		<Unit filename="samp\logprintf.h" />
		<Unit filename="samp\objects.cpp" />
		<Unit filename="samp\objects.h" />
		<Unit filename="samp\players.cpp" />
		<Unit filename="samp\players.h" />
		<Unit filename="samp\plugin\amx\amx.h" />
		<Unit filename="samp\plugin\amx\getch.h" />
		<Unit filename="samp\plugin\amx\osdefs.h" />
		<Unit filename="samp\plugin\amx\sclinux.h" />
		<Unit filename="samp\plugin\amxplugin.cpp" />
		<Unit filename="samp\plugin\plugin.h" />
		<Unit filename="samp\plugin\plugincommon.h" />
		<Unit filename="samp\samp.cpp" />
		<Unit filename="samp\samp.h" />
		<Unit filename="samp\vehicles.cpp" />
		<Unit filename="samp\vehicles.h" />
		<Unit filename="samp\wrapper.cpp" />
		<Unit filename="samp\wrapper.h" />
		<Extensions>
			<code_completion />
			<debugger />
		</Extensions>
	</Project>
</CodeBlocks_project_file>
