<?xml version="1.0" encoding="UTF-8" standalone="yes" ?>
<CodeBlocks_project_file>
	<FileVersion major="1" minor="6" />
	<Project>
		<Option title="MathPlugin" />
		<Option pch_mode="2" />
		<Option compiler="gcc" />
		<Build>
			<Target title="unix_debug">
				<Option output="bin\Debug\MathPlugin" prefix_auto="1" extension_auto="1" />
				<Option object_output="obj\Debug\" />
				<Option type="3" />
				<Option compiler="gcc" />
				<Compiler>
					<Add option="-Wall" />
					<Add option="-g" />
					<Add option="-DLINUX" />
				</Compiler>
			</Target>
			<Target title="unix_release">
				<Option output="..\..\samp_linux\plugins\MathPlugin" prefix_auto="1" extension_auto="1" />
				<Option object_output="obj\" />
				<Option type="3" />
				<Option compiler="gcc" />
				<Compiler>
					<Add option="-O2" />
					<Add option="-Wall" />
					<Add option="-fPIC" />
					<Add option="-m32" />
					<Add option="-DLINUX" />
				</Compiler>
				<Linker>
					<Add option="-s" />
				</Linker>
			</Target>
			<Target title="windows_debug_crosscompile">
				<Option output="bin\Debug\MathPlugin" prefix_auto="1" extension_auto="1" />
				<Option object_output="obj\Debug\" />
				<Option type="3" />
				<Option compiler="gcc" />
				<Compiler>
					<Add option="-Wall" />
					<Add option="-g" />
					<Add option="-DWIN32" />
					<Add option="-DWINDOWS" />
				</Compiler>
			</Target>
			<Target title="windows_release_crosscompile">
				<Option output="..\..\samp\plugins\MathPlugin.dll" prefix_auto="1" extension_auto="0" />
				<Option object_output="obj\" />
				<Option type="3" />
				<Option compiler="gcc" />
				<Compiler>
					<Add option="-O2" />
					<Add option="-Wall" />
					<Add option="-DWIN32" />
					<Add option="-DWINDOWS" />
				</Compiler>
				<Linker>
					<Add option="-s" />
					<Add option="MathPlugin.def" />
				</Linker>
			</Target>
		</Build>
		<Compiler>
			<Add option="-Wall" />
			<Add option="-fexceptions" />
			<Add option="-fPIC" />
			<Add option="-m32" />
		</Compiler>
		<Linker>
			<Add option="-m32" />
		</Linker>
		<Unit filename="Invoke.cpp" />
		<Unit filename="Invoke.h" />
		<Unit filename="MathPlugin.def">
			<Option target="windows_debug_crosscompile" />
			<Option target="windows_release_crosscompile" />
		</Unit>
		<Unit filename="main.cpp" />
		<Unit filename="main.h" />
		<Unit filename="..\..\SDK\amx\getch.c">
			<Option compilerVar="CC" />
		</Unit>
		<Unit filename="..\..\SDK\amxplugin.cpp" />
		<Extensions>
			<envvars />
			<code_completion />
			<debugger />
			<lib_finder disable_auto="1" />
		</Extensions>
	</Project>
</CodeBlocks_project_file>
